
Microsoft Visual Studio Solution File, Format Version 12.00
# Visual Studio 15
VisualStudioVersion = 15.0.28306.52
MinimumVisualStudioVersion = 10.0.40219.1
Project("{FAE04EC0-301F-11D3-BF4B-00C04F79EFBC}") = "Obsah a obvod čtverce", "Obsah a obvod čtverce\Obsah a obvod čtverce.csproj", "{03CA5C0B-BCEE-4BEC-B698-FB2AFC17EE66}"
EndProject
Global
	GlobalSection(SolutionConfigurationPlatforms) = preSolution
		Debug|Any CPU = Debug|Any CPU
		Release|Any CPU = Release|Any CPU
	EndGlobalSection
	GlobalSection(ProjectConfigurationPlatforms) = postSolution
		{03CA5C0B-BCEE-4BEC-B698-FB2AFC17EE66}.Debug|Any CPU.ActiveCfg = Debug|Any CPU
		{03CA5C0B-BCEE-4BEC-B698-FB2AFC17EE66}.Debug|Any CPU.Build.0 = Debug|Any CPU
		{03CA5C0B-BCEE-4BEC-B698-FB2AFC17EE66}.Release|Any CPU.ActiveCfg = Release|Any CPU
		{03CA5C0B-BCEE-4BEC-B698-FB2AFC17EE66}.Release|Any CPU.Build.0 = Release|Any CPU
	EndGlobalSection
	GlobalSection(SolutionProperties) = preSolution
		HideSolutionNode = FALSE
	EndGlobalSection
	GlobalSection(ExtensibilityGlobals) = postSolution
		SolutionGuid = {3095C8EC-CCFB-45CE-9CDD-AB3A96E88A05}
	EndGlobalSection
EndGlobal
